
Microsoft Visual Studio Solution File, Format Version 12.00
# Visual Studio Version 17
VisualStudioVersion = 17.11.35327.3
MinimumVisualStudioVersion = 10.0.40219.1
Project("{13B669BE-BB05-4DDF-9536-439F39A36129}") = "BoletoItau", "BoletoItau.phpproj", "{DB198B49-EA59-4FBA-9CB3-89F1E8D6B3C0}"
EndProject
Global
	GlobalSection(SolutionConfigurationPlatforms) = preSolution
		Debug|Any CPU = Debug|Any CPU
		Release|Any CPU = Release|Any CPU
	EndGlobalSection
	GlobalSection(ProjectConfigurationPlatforms) = postSolution
		{DB198B49-EA59-4FBA-9CB3-89F1E8D6B3C0}.Debug|Any CPU.ActiveCfg = Debug|Any CPU
		{DB198B49-EA59-4FBA-9CB3-89F1E8D6B3C0}.Debug|Any CPU.Build.0 = Debug|Any CPU
		{DB198B49-EA59-4FBA-9CB3-89F1E8D6B3C0}.Release|Any CPU.ActiveCfg = Release|Any CPU
		{DB198B49-EA59-4FBA-9CB3-89F1E8D6B3C0}.Release|Any CPU.Build.0 = Release|Any CPU
	EndGlobalSection
	GlobalSection(SolutionProperties) = preSolution
		HideSolutionNode = FALSE
	EndGlobalSection
	GlobalSection(ExtensibilityGlobals) = postSolution
		SolutionGuid = {BF186808-ECDB-4950-8762-7C0D20712D17}
	EndGlobalSection
EndGlobal
